// !$*UTF8*$!
{
	archiveVersion = 1;
	classes = {
	};
	objectVersion = 56;
	objects = {

/* Begin PBXBuildFile section */
		040795052A96F81A00718B3F /* RiwayatComponent.swift in Sources */ = {isa = PBXBuildFile; fileRef = 040795042A96F81A00718B3F /* RiwayatComponent.swift */; };
		040795082A96FD9400718B3F /* BigExpandableRiwayatCardComponent.swift in Sources */ = {isa = PBXBuildFile; fileRef = 040795072A96FD9400718B3F /* BigExpandableRiwayatCardComponent.swift */; };
		04667A5A2A9644C0008E333D /* SmallExpandableRiwayatCardComponent.swift in Sources */ = {isa = PBXBuildFile; fileRef = 04667A592A9644C0008E333D /* SmallExpandableRiwayatCardComponent.swift */; };
		04667A612A965E30008E333D /* CollapsibleComponent.swift in Sources */ = {isa = PBXBuildFile; fileRef = 04667A602A965E30008E333D /* CollapsibleComponent.swift */; };
		04667A642A96676F008E333D /* BerlangsungView.swift in Sources */ = {isa = PBXBuildFile; fileRef = 04667A632A96676F008E333D /* BerlangsungView.swift */; };
		04667A662A966776008E333D /* SelesaiView.swift in Sources */ = {isa = PBXBuildFile; fileRef = 04667A652A966776008E333D /* SelesaiView.swift */; };
		04667A682A96693D008E333D /* Progress.swift in Sources */ = {isa = PBXBuildFile; fileRef = 04667A672A96693D008E333D /* Progress.swift */; };
		048AAF502A94E13E00B4652C /* DetailDonorView.swift in Sources */ = {isa = PBXBuildFile; fileRef = 048AAF4F2A94E13E00B4652C /* DetailDonorView.swift */; };
		048AAF522A94E25A00B4652C /* RiwayatView.swift in Sources */ = {isa = PBXBuildFile; fileRef = 048AAF512A94E25A00B4652C /* RiwayatView.swift */; };
		048AAF542A94ECBC00B4652C /* ASICardComponent.swift in Sources */ = {isa = PBXBuildFile; fileRef = 048AAF532A94ECBC00B4652C /* ASICardComponent.swift */; };
		048AAF562A95011100B4652C /* KatalogView.swift in Sources */ = {isa = PBXBuildFile; fileRef = 048AAF552A95011100B4652C /* KatalogView.swift */; };
		048AAF592A9501D400B4652C /* DetailDonaturView.swift in Sources */ = {isa = PBXBuildFile; fileRef = 048AAF582A9501D400B4652C /* DetailDonaturView.swift */; };
		048AAF5B2A9501DF00B4652C /* ASITersediaView.swift in Sources */ = {isa = PBXBuildFile; fileRef = 048AAF5A2A9501DF00B4652C /* ASITersediaView.swift */; };
		048AAF5D2A95087900B4652C /* ProfilCardComponent.swift in Sources */ = {isa = PBXBuildFile; fileRef = 048AAF5C2A95087900B4652C /* ProfilCardComponent.swift */; };
		048AAF5F2A950FC800B4652C /* RincianPermintaanSheetComponent.swift in Sources */ = {isa = PBXBuildFile; fileRef = 048AAF5E2A950FC800B4652C /* RincianPermintaanSheetComponent.swift */; };
		04A0B8F52A94707F00B1E58B /* Colors.swift in Sources */ = {isa = PBXBuildFile; fileRef = 04A0B8F42A94707F00B1E58B /* Colors.swift */; };
		04A0B8F72A9473D500B1E58B /* Fonts.swift in Sources */ = {isa = PBXBuildFile; fileRef = 04A0B8F62A9473D500B1E58B /* Fonts.swift */; };
		04A0B8F92A94746F00B1E58B /* Nunito.ttf in Resources */ = {isa = PBXBuildFile; fileRef = 04A0B8F82A94746F00B1E58B /* Nunito.ttf */; };
		04C520352A97A6840060322B /* SignInViewModel.swift in Sources */ = {isa = PBXBuildFile; fileRef = 04C520342A97A6840060322B /* SignInViewModel.swift */; };
		04C520372A97A6940060322B /* SignInView.swift in Sources */ = {isa = PBXBuildFile; fileRef = 04C520362A97A6940060322B /* SignInView.swift */; };
		04C520392A97BE130060322B /* PreferensiComponent.swift in Sources */ = {isa = PBXBuildFile; fileRef = 04C520382A97BE130060322B /* PreferensiComponent.swift */; };
		04C5203B2A97C2380060322B /* PreferensiViewModel.swift in Sources */ = {isa = PBXBuildFile; fileRef = 04C5203A2A97C2380060322B /* PreferensiViewModel.swift */; };
		04C5203D2A97C9080060322B /* KeperluanEnum.swift in Sources */ = {isa = PBXBuildFile; fileRef = 04C5203C2A97C9080060322B /* KeperluanEnum.swift */; };
		04D5FAA62A9742D600063926 /* RincianPermintaanSheetComponentViewModel.swift in Sources */ = {isa = PBXBuildFile; fileRef = 04D5FAA52A9742D600063926 /* RincianPermintaanSheetComponentViewModel.swift */; };
		04D5FAAB2A974ECE00063926 /* TambahASIView.swift in Sources */ = {isa = PBXBuildFile; fileRef = 04D5FAAA2A974ECE00063926 /* TambahASIView.swift */; };
		04D5FAAF2A97504A00063926 /* TambahASIViewModel.swift in Sources */ = {isa = PBXBuildFile; fileRef = 04D5FAAE2A97504A00063926 /* TambahASIViewModel.swift */; };
		04D5FAB12A975D1F00063926 /* SkriningKesehatanView.swift in Sources */ = {isa = PBXBuildFile; fileRef = 04D5FAB02A975D1F00063926 /* SkriningKesehatanView.swift */; };
		04DCE63C2A8B3392009BACC5 /* MC3_kasihApp.swift in Sources */ = {isa = PBXBuildFile; fileRef = 04DCE63B2A8B3392009BACC5 /* MC3_kasihApp.swift */; };
		04DCE63E2A8B3392009BACC5 /* ContentView.swift in Sources */ = {isa = PBXBuildFile; fileRef = 04DCE63D2A8B3392009BACC5 /* ContentView.swift */; };
		04DCE6402A8B3392009BACC5 /* Assets.xcassets in Resources */ = {isa = PBXBuildFile; fileRef = 04DCE63F2A8B3392009BACC5 /* Assets.xcassets */; };
		04DCE6432A8B3392009BACC5 /* Preview Assets.xcassets in Resources */ = {isa = PBXBuildFile; fileRef = 04DCE6422A8B3392009BACC5 /* Preview Assets.xcassets */; };
		04DCE64D2A8B3392009BACC5 /* MC3_kasihTests.swift in Sources */ = {isa = PBXBuildFile; fileRef = 04DCE64C2A8B3392009BACC5 /* MC3_kasihTests.swift */; };
		04DCE6572A8B3392009BACC5 /* MC3_kasihUITests.swift in Sources */ = {isa = PBXBuildFile; fileRef = 04DCE6562A8B3392009BACC5 /* MC3_kasihUITests.swift */; };
		04DCE6592A8B3392009BACC5 /* MC3_kasihUITestsLaunchTests.swift in Sources */ = {isa = PBXBuildFile; fileRef = 04DCE6582A8B3392009BACC5 /* MC3_kasihUITestsLaunchTests.swift */; };
		C486FF4A2A94134A004112E9 /* Kasih.xcdatamodeld in Sources */ = {isa = PBXBuildFile; fileRef = C486FF482A94134A004112E9 /* Kasih.xcdatamodeld */; };
		C486FF952A94263F004112E9 /* CoreDataStack.swift in Sources */ = {isa = PBXBuildFile; fileRef = C486FF942A94263F004112E9 /* CoreDataStack.swift */; };
		C486FF972A94549F004112E9 /* BloodTypeEnum.swift in Sources */ = {isa = PBXBuildFile; fileRef = C486FF962A94549F004112E9 /* BloodTypeEnum.swift */; };
		C486FF9B2A9457E7004112E9 /* UserExtension.swift in Sources */ = {isa = PBXBuildFile; fileRef = C486FF9A2A9457E7004112E9 /* UserExtension.swift */; };
		C486FFA32A94B76C004112E9 /* SignUpViewModel.swift in Sources */ = {isa = PBXBuildFile; fileRef = C486FFA22A94B76C004112E9 /* SignUpViewModel.swift */; };
		C486FFA52A94BB0F004112E9 /* BiodataFormView.swift in Sources */ = {isa = PBXBuildFile; fileRef = C486FFA42A94BB0F004112E9 /* BiodataFormView.swift */; };
		C486FFA72A94BB74004112E9 /* SkriningFormView.swift in Sources */ = {isa = PBXBuildFile; fileRef = C486FFA62A94BB74004112E9 /* SkriningFormView.swift */; };
		C486FFA92A94BBB5004112E9 /* VerificationFormView.swift in Sources */ = {isa = PBXBuildFile; fileRef = C486FFA82A94BBB5004112E9 /* VerificationFormView.swift */; };
		C486FFAB2A94BBDA004112E9 /* SignUpFormView.swift in Sources */ = {isa = PBXBuildFile; fileRef = C486FFAA2A94BBDA004112E9 /* SignUpFormView.swift */; };
		C486FFAD2A94BC50004112E9 /* SignUpStepper.swift in Sources */ = {isa = PBXBuildFile; fileRef = C486FFAC2A94BC50004112E9 /* SignUpStepper.swift */; };
		C486FFB22A94BDBB004112E9 /* StepDivider.swift in Sources */ = {isa = PBXBuildFile; fileRef = C486FFAF2A94BDBB004112E9 /* StepDivider.swift */; };
		C486FFB42A94BDBC004112E9 /* StepIndicator.swift in Sources */ = {isa = PBXBuildFile; fileRef = C486FFB12A94BDBB004112E9 /* StepIndicator.swift */; };
		C486FFB62A94CCCD004112E9 /* BackButton.swift in Sources */ = {isa = PBXBuildFile; fileRef = C486FFB52A94CCCD004112E9 /* BackButton.swift */; };
		C486FFB92A94D566004112E9 /* AppButtonStyle.swift in Sources */ = {isa = PBXBuildFile; fileRef = C486FFB82A94D566004112E9 /* AppButtonStyle.swift */; };
		C486FFBB2A94E51F004112E9 /* FinishFormView.swift in Sources */ = {isa = PBXBuildFile; fileRef = C486FFBA2A94E51F004112E9 /* FinishFormView.swift */; };
		C486FFBD2A94F365004112E9 /* AppTextFieldStyle.swift in Sources */ = {isa = PBXBuildFile; fileRef = C486FFBC2A94F365004112E9 /* AppTextFieldStyle.swift */; };
		C486FFC02A95013B004112E9 /* InputFieldWrapper.swift in Sources */ = {isa = PBXBuildFile; fileRef = C486FFBF2A95013B004112E9 /* InputFieldWrapper.swift */; };
		C486FFC22A951124004112E9 /* ImagePickerManager.swift in Sources */ = {isa = PBXBuildFile; fileRef = C486FFC12A951124004112E9 /* ImagePickerManager.swift */; };
		C486FFC52A951193004112E9 /* ScreeningImagePicker.swift in Sources */ = {isa = PBXBuildFile; fileRef = C486FFC42A951193004112E9 /* ScreeningImagePicker.swift */; };
		C486FFC82A95127B004112E9 /* ImagePicker.swift in Sources */ = {isa = PBXBuildFile; fileRef = C486FFC72A95127B004112E9 /* ImagePicker.swift */; };
		C486FFCB2A9601C7004112E9 /* DateExtension.swift in Sources */ = {isa = PBXBuildFile; fileRef = C486FFCA2A9601C7004112E9 /* DateExtension.swift */; };
		C486FFCD2A9604B5004112E9 /* DatePickerSheet.swift in Sources */ = {isa = PBXBuildFile; fileRef = C486FFCC2A9604B5004112E9 /* DatePickerSheet.swift */; };
		C486FFCF2A96072B004112E9 /* StaticTextField.swift in Sources */ = {isa = PBXBuildFile; fileRef = C486FFCE2A96072B004112E9 /* StaticTextField.swift */; };
		C486FFD22A960A5E004112E9 /* ChipComponent.swift in Sources */ = {isa = PBXBuildFile; fileRef = C486FFD12A960A5E004112E9 /* ChipComponent.swift */; };
		C486FFD42A960C95004112E9 /* ChipsWrapper.swift in Sources */ = {isa = PBXBuildFile; fileRef = C486FFD32A960C95004112E9 /* ChipsWrapper.swift */; };
		C486FFD82A960D98004112E9 /* Chip.swift in Sources */ = {isa = PBXBuildFile; fileRef = C486FFD72A960D98004112E9 /* Chip.swift */; };
		C486FFDA2A962CC8004112E9 /* ReligionEnum.swift in Sources */ = {isa = PBXBuildFile; fileRef = C486FFD92A962CC8004112E9 /* ReligionEnum.swift */; };
		C486FFDC2A962E14004112E9 /* GenderEnum.swift in Sources */ = {isa = PBXBuildFile; fileRef = C486FFDB2A962E14004112E9 /* GenderEnum.swift */; };
		C486FFDE2A962E53004112E9 /* VaccineEnum.swift in Sources */ = {isa = PBXBuildFile; fileRef = C486FFDD2A962E53004112E9 /* VaccineEnum.swift */; };
		C486FFE02A963361004112E9 /* CityEnum.swift in Sources */ = {isa = PBXBuildFile; fileRef = C486FFDF2A963361004112E9 /* CityEnum.swift */; };
		C486FFE22A963865004112E9 /* SelectUserRoleView.swift in Sources */ = {isa = PBXBuildFile; fileRef = C486FFE12A963865004112E9 /* SelectUserRoleView.swift */; };
		C486FFE42A963AE0004112E9 /* UserRoleEnum.swift in Sources */ = {isa = PBXBuildFile; fileRef = C486FFE32A963AE0004112E9 /* UserRoleEnum.swift */; };
		C486FFE62A963E55004112E9 /* RoleInfoSheet.swift in Sources */ = {isa = PBXBuildFile; fileRef = C486FFE52A963E55004112E9 /* RoleInfoSheet.swift */; };
		C486FFE82A96516F004112E9 /* RoleOptionCard.swift in Sources */ = {isa = PBXBuildFile; fileRef = C486FFE72A96516F004112E9 /* RoleOptionCard.swift */; };
		C486FFEC2A96650D004112E9 /* WheelPickerModifier.swift in Sources */ = {isa = PBXBuildFile; fileRef = C486FFEB2A96650D004112E9 /* WheelPickerModifier.swift */; };
		C486FFEE2A9679D8004112E9 /* BiodataBayiForm.swift in Sources */ = {isa = PBXBuildFile; fileRef = C486FFED2A9679D8004112E9 /* BiodataBayiForm.swift */; };
		C4FB5D092A97526E0052C349 /* UserRepository.swift in Sources */ = {isa = PBXBuildFile; fileRef = C4FB5D082A97526E0052C349 /* UserRepository.swift */; };
		C4FB5D162A979D5C0052C349 /* KatalogViewModel.swift in Sources */ = {isa = PBXBuildFile; fileRef = C4FB5D152A979D5C0052C349 /* KatalogViewModel.swift */; };
/* End PBXBuildFile section */

/* Begin PBXContainerItemProxy section */
		04DCE6492A8B3392009BACC5 /* PBXContainerItemProxy */ = {
			isa = PBXContainerItemProxy;
			containerPortal = 04DCE6302A8B3392009BACC5 /* Project object */;
			proxyType = 1;
			remoteGlobalIDString = 04DCE6372A8B3392009BACC5;
			remoteInfo = "MC3-kasih";
		};
		04DCE6532A8B3392009BACC5 /* PBXContainerItemProxy */ = {
			isa = PBXContainerItemProxy;
			containerPortal = 04DCE6302A8B3392009BACC5 /* Project object */;
			proxyType = 1;
			remoteGlobalIDString = 04DCE6372A8B3392009BACC5;
			remoteInfo = "MC3-kasih";
		};
/* End PBXContainerItemProxy section */

/* Begin PBXFileReference section */
		040795042A96F81A00718B3F /* RiwayatComponent.swift */ = {isa = PBXFileReference; lastKnownFileType = sourcecode.swift; path = RiwayatComponent.swift; sourceTree = "<group>"; };
		040795072A96FD9400718B3F /* BigExpandableRiwayatCardComponent.swift */ = {isa = PBXFileReference; lastKnownFileType = sourcecode.swift; path = BigExpandableRiwayatCardComponent.swift; sourceTree = "<group>"; };
		04667A592A9644C0008E333D /* SmallExpandableRiwayatCardComponent.swift */ = {isa = PBXFileReference; lastKnownFileType = sourcecode.swift; path = SmallExpandableRiwayatCardComponent.swift; sourceTree = "<group>"; };
		04667A602A965E30008E333D /* CollapsibleComponent.swift */ = {isa = PBXFileReference; lastKnownFileType = sourcecode.swift; path = CollapsibleComponent.swift; sourceTree = "<group>"; };
		04667A632A96676F008E333D /* BerlangsungView.swift */ = {isa = PBXFileReference; lastKnownFileType = sourcecode.swift; path = BerlangsungView.swift; sourceTree = "<group>"; };
		04667A652A966776008E333D /* SelesaiView.swift */ = {isa = PBXFileReference; lastKnownFileType = sourcecode.swift; path = SelesaiView.swift; sourceTree = "<group>"; };
		04667A672A96693D008E333D /* Progress.swift */ = {isa = PBXFileReference; lastKnownFileType = sourcecode.swift; path = Progress.swift; sourceTree = "<group>"; };
		048AAF4F2A94E13E00B4652C /* DetailDonorView.swift */ = {isa = PBXFileReference; lastKnownFileType = sourcecode.swift; path = DetailDonorView.swift; sourceTree = "<group>"; };
		048AAF512A94E25A00B4652C /* RiwayatView.swift */ = {isa = PBXFileReference; lastKnownFileType = sourcecode.swift; path = RiwayatView.swift; sourceTree = "<group>"; };
		048AAF532A94ECBC00B4652C /* ASICardComponent.swift */ = {isa = PBXFileReference; lastKnownFileType = sourcecode.swift; path = ASICardComponent.swift; sourceTree = "<group>"; };
		048AAF552A95011100B4652C /* KatalogView.swift */ = {isa = PBXFileReference; lastKnownFileType = sourcecode.swift; path = KatalogView.swift; sourceTree = "<group>"; };
		048AAF582A9501D400B4652C /* DetailDonaturView.swift */ = {isa = PBXFileReference; lastKnownFileType = sourcecode.swift; path = DetailDonaturView.swift; sourceTree = "<group>"; };
		048AAF5A2A9501DF00B4652C /* ASITersediaView.swift */ = {isa = PBXFileReference; lastKnownFileType = sourcecode.swift; path = ASITersediaView.swift; sourceTree = "<group>"; };
		048AAF5C2A95087900B4652C /* ProfilCardComponent.swift */ = {isa = PBXFileReference; lastKnownFileType = sourcecode.swift; path = ProfilCardComponent.swift; sourceTree = "<group>"; };
		048AAF5E2A950FC800B4652C /* RincianPermintaanSheetComponent.swift */ = {isa = PBXFileReference; lastKnownFileType = sourcecode.swift; path = RincianPermintaanSheetComponent.swift; sourceTree = "<group>"; };
		04A0B8F42A94707F00B1E58B /* Colors.swift */ = {isa = PBXFileReference; lastKnownFileType = sourcecode.swift; path = Colors.swift; sourceTree = "<group>"; };
		04A0B8F62A9473D500B1E58B /* Fonts.swift */ = {isa = PBXFileReference; lastKnownFileType = sourcecode.swift; path = Fonts.swift; sourceTree = "<group>"; };
		04A0B8F82A94746F00B1E58B /* Nunito.ttf */ = {isa = PBXFileReference; lastKnownFileType = file; path = Nunito.ttf; sourceTree = "<group>"; };
		04A0B8FA2A9474AC00B1E58B /* Info.plist */ = {isa = PBXFileReference; lastKnownFileType = text.plist; path = Info.plist; sourceTree = "<group>"; };
		04C520342A97A6840060322B /* SignInViewModel.swift */ = {isa = PBXFileReference; lastKnownFileType = sourcecode.swift; path = SignInViewModel.swift; sourceTree = "<group>"; };
		04C520362A97A6940060322B /* SignInView.swift */ = {isa = PBXFileReference; lastKnownFileType = sourcecode.swift; path = SignInView.swift; sourceTree = "<group>"; };
		04C520382A97BE130060322B /* PreferensiComponent.swift */ = {isa = PBXFileReference; lastKnownFileType = sourcecode.swift; name = PreferensiComponent.swift; path = "MC3-kasih/Features/Sign In/Presenters/Views/PreferensiComponent.swift"; sourceTree = SOURCE_ROOT; };
		04C5203A2A97C2380060322B /* PreferensiViewModel.swift */ = {isa = PBXFileReference; lastKnownFileType = sourcecode.swift; path = PreferensiViewModel.swift; sourceTree = "<group>"; };
		04C5203C2A97C9080060322B /* KeperluanEnum.swift */ = {isa = PBXFileReference; lastKnownFileType = sourcecode.swift; path = KeperluanEnum.swift; sourceTree = "<group>"; };
		04D5FAA52A9742D600063926 /* RincianPermintaanSheetComponentViewModel.swift */ = {isa = PBXFileReference; lastKnownFileType = sourcecode.swift; path = RincianPermintaanSheetComponentViewModel.swift; sourceTree = "<group>"; };
		04D5FAAA2A974ECE00063926 /* TambahASIView.swift */ = {isa = PBXFileReference; lastKnownFileType = sourcecode.swift; path = TambahASIView.swift; sourceTree = "<group>"; };
		04D5FAAE2A97504A00063926 /* TambahASIViewModel.swift */ = {isa = PBXFileReference; lastKnownFileType = sourcecode.swift; path = TambahASIViewModel.swift; sourceTree = "<group>"; };
		04D5FAB02A975D1F00063926 /* SkriningKesehatanView.swift */ = {isa = PBXFileReference; lastKnownFileType = sourcecode.swift; path = SkriningKesehatanView.swift; sourceTree = "<group>"; };
		04DCE6382A8B3392009BACC5 /* MC3-kasih.app */ = {isa = PBXFileReference; explicitFileType = wrapper.application; includeInIndex = 0; path = "MC3-kasih.app"; sourceTree = BUILT_PRODUCTS_DIR; };
		04DCE63B2A8B3392009BACC5 /* MC3_kasihApp.swift */ = {isa = PBXFileReference; lastKnownFileType = sourcecode.swift; path = MC3_kasihApp.swift; sourceTree = "<group>"; };
		04DCE63D2A8B3392009BACC5 /* ContentView.swift */ = {isa = PBXFileReference; lastKnownFileType = sourcecode.swift; path = ContentView.swift; sourceTree = "<group>"; };
		04DCE63F2A8B3392009BACC5 /* Assets.xcassets */ = {isa = PBXFileReference; lastKnownFileType = folder.assetcatalog; path = Assets.xcassets; sourceTree = "<group>"; };
		04DCE6422A8B3392009BACC5 /* Preview Assets.xcassets */ = {isa = PBXFileReference; lastKnownFileType = folder.assetcatalog; path = "Preview Assets.xcassets"; sourceTree = "<group>"; };
		04DCE6482A8B3392009BACC5 /* MC3-kasihTests.xctest */ = {isa = PBXFileReference; explicitFileType = wrapper.cfbundle; includeInIndex = 0; path = "MC3-kasihTests.xctest"; sourceTree = BUILT_PRODUCTS_DIR; };
		04DCE64C2A8B3392009BACC5 /* MC3_kasihTests.swift */ = {isa = PBXFileReference; lastKnownFileType = sourcecode.swift; path = MC3_kasihTests.swift; sourceTree = "<group>"; };
		04DCE6522A8B3392009BACC5 /* MC3-kasihUITests.xctest */ = {isa = PBXFileReference; explicitFileType = wrapper.cfbundle; includeInIndex = 0; path = "MC3-kasihUITests.xctest"; sourceTree = BUILT_PRODUCTS_DIR; };
		04DCE6562A8B3392009BACC5 /* MC3_kasihUITests.swift */ = {isa = PBXFileReference; lastKnownFileType = sourcecode.swift; path = MC3_kasihUITests.swift; sourceTree = "<group>"; };
		04DCE6582A8B3392009BACC5 /* MC3_kasihUITestsLaunchTests.swift */ = {isa = PBXFileReference; lastKnownFileType = sourcecode.swift; path = MC3_kasihUITestsLaunchTests.swift; sourceTree = "<group>"; };
		C486FF492A94134A004112E9 /* Kasih.xcdatamodel */ = {isa = PBXFileReference; lastKnownFileType = wrapper.xcdatamodel; path = Kasih.xcdatamodel; sourceTree = "<group>"; };
		C486FF942A94263F004112E9 /* CoreDataStack.swift */ = {isa = PBXFileReference; lastKnownFileType = sourcecode.swift; path = CoreDataStack.swift; sourceTree = "<group>"; };
		C486FF962A94549F004112E9 /* BloodTypeEnum.swift */ = {isa = PBXFileReference; lastKnownFileType = sourcecode.swift; path = BloodTypeEnum.swift; sourceTree = "<group>"; };
		C486FF9A2A9457E7004112E9 /* UserExtension.swift */ = {isa = PBXFileReference; lastKnownFileType = sourcecode.swift; name = UserExtension.swift; path = "MC3-kasih/Datasources/Constants/UserExtension.swift"; sourceTree = SOURCE_ROOT; };
		C486FFA22A94B76C004112E9 /* SignUpViewModel.swift */ = {isa = PBXFileReference; lastKnownFileType = sourcecode.swift; path = SignUpViewModel.swift; sourceTree = "<group>"; };
		C486FFA42A94BB0F004112E9 /* BiodataFormView.swift */ = {isa = PBXFileReference; lastKnownFileType = sourcecode.swift; path = BiodataFormView.swift; sourceTree = "<group>"; };
		C486FFA62A94BB74004112E9 /* SkriningFormView.swift */ = {isa = PBXFileReference; lastKnownFileType = sourcecode.swift; path = SkriningFormView.swift; sourceTree = "<group>"; };
		C486FFA82A94BBB5004112E9 /* VerificationFormView.swift */ = {isa = PBXFileReference; lastKnownFileType = sourcecode.swift; path = VerificationFormView.swift; sourceTree = "<group>"; };
		C486FFAA2A94BBDA004112E9 /* SignUpFormView.swift */ = {isa = PBXFileReference; lastKnownFileType = sourcecode.swift; path = SignUpFormView.swift; sourceTree = "<group>"; };
		C486FFAC2A94BC50004112E9 /* SignUpStepper.swift */ = {isa = PBXFileReference; lastKnownFileType = sourcecode.swift; path = SignUpStepper.swift; sourceTree = "<group>"; };
		C486FFAF2A94BDBB004112E9 /* StepDivider.swift */ = {isa = PBXFileReference; fileEncoding = 4; lastKnownFileType = sourcecode.swift; path = StepDivider.swift; sourceTree = "<group>"; };
		C486FFB12A94BDBB004112E9 /* StepIndicator.swift */ = {isa = PBXFileReference; fileEncoding = 4; lastKnownFileType = sourcecode.swift; path = StepIndicator.swift; sourceTree = "<group>"; };
		C486FFB52A94CCCD004112E9 /* BackButton.swift */ = {isa = PBXFileReference; lastKnownFileType = sourcecode.swift; path = BackButton.swift; sourceTree = "<group>"; };
		C486FFB82A94D566004112E9 /* AppButtonStyle.swift */ = {isa = PBXFileReference; lastKnownFileType = sourcecode.swift; path = AppButtonStyle.swift; sourceTree = "<group>"; };
		C486FFBA2A94E51F004112E9 /* FinishFormView.swift */ = {isa = PBXFileReference; lastKnownFileType = sourcecode.swift; path = FinishFormView.swift; sourceTree = "<group>"; };
		C486FFBC2A94F365004112E9 /* AppTextFieldStyle.swift */ = {isa = PBXFileReference; lastKnownFileType = sourcecode.swift; path = AppTextFieldStyle.swift; sourceTree = "<group>"; };
		C486FFBF2A95013B004112E9 /* InputFieldWrapper.swift */ = {isa = PBXFileReference; lastKnownFileType = sourcecode.swift; path = InputFieldWrapper.swift; sourceTree = "<group>"; };
		C486FFC12A951124004112E9 /* ImagePickerManager.swift */ = {isa = PBXFileReference; lastKnownFileType = sourcecode.swift; path = ImagePickerManager.swift; sourceTree = "<group>"; };
		C486FFC42A951193004112E9 /* ScreeningImagePicker.swift */ = {isa = PBXFileReference; lastKnownFileType = sourcecode.swift; path = ScreeningImagePicker.swift; sourceTree = "<group>"; };
		C486FFC72A95127B004112E9 /* ImagePicker.swift */ = {isa = PBXFileReference; lastKnownFileType = sourcecode.swift; path = ImagePicker.swift; sourceTree = "<group>"; };
		C486FFCA2A9601C7004112E9 /* DateExtension.swift */ = {isa = PBXFileReference; lastKnownFileType = sourcecode.swift; path = DateExtension.swift; sourceTree = "<group>"; };
		C486FFCC2A9604B5004112E9 /* DatePickerSheet.swift */ = {isa = PBXFileReference; lastKnownFileType = sourcecode.swift; path = DatePickerSheet.swift; sourceTree = "<group>"; };
		C486FFCE2A96072B004112E9 /* StaticTextField.swift */ = {isa = PBXFileReference; lastKnownFileType = sourcecode.swift; path = StaticTextField.swift; sourceTree = "<group>"; };
		C486FFD12A960A5E004112E9 /* ChipComponent.swift */ = {isa = PBXFileReference; lastKnownFileType = sourcecode.swift; path = ChipComponent.swift; sourceTree = "<group>"; };
		C486FFD32A960C95004112E9 /* ChipsWrapper.swift */ = {isa = PBXFileReference; lastKnownFileType = sourcecode.swift; path = ChipsWrapper.swift; sourceTree = "<group>"; };
		C486FFD72A960D98004112E9 /* Chip.swift */ = {isa = PBXFileReference; lastKnownFileType = sourcecode.swift; path = Chip.swift; sourceTree = "<group>"; };
		C486FFD92A962CC8004112E9 /* ReligionEnum.swift */ = {isa = PBXFileReference; lastKnownFileType = sourcecode.swift; path = ReligionEnum.swift; sourceTree = "<group>"; };
		C486FFDB2A962E14004112E9 /* GenderEnum.swift */ = {isa = PBXFileReference; lastKnownFileType = sourcecode.swift; path = GenderEnum.swift; sourceTree = "<group>"; };
		C486FFDD2A962E53004112E9 /* VaccineEnum.swift */ = {isa = PBXFileReference; lastKnownFileType = sourcecode.swift; path = VaccineEnum.swift; sourceTree = "<group>"; };
		C486FFDF2A963361004112E9 /* CityEnum.swift */ = {isa = PBXFileReference; lastKnownFileType = sourcecode.swift; path = CityEnum.swift; sourceTree = "<group>"; };
		C486FFE12A963865004112E9 /* SelectUserRoleView.swift */ = {isa = PBXFileReference; lastKnownFileType = sourcecode.swift; path = SelectUserRoleView.swift; sourceTree = "<group>"; };
		C486FFE32A963AE0004112E9 /* UserRoleEnum.swift */ = {isa = PBXFileReference; lastKnownFileType = sourcecode.swift; path = UserRoleEnum.swift; sourceTree = "<group>"; };
		C486FFE52A963E55004112E9 /* RoleInfoSheet.swift */ = {isa = PBXFileReference; lastKnownFileType = sourcecode.swift; path = RoleInfoSheet.swift; sourceTree = "<group>"; };
		C486FFE72A96516F004112E9 /* RoleOptionCard.swift */ = {isa = PBXFileReference; lastKnownFileType = sourcecode.swift; path = RoleOptionCard.swift; sourceTree = "<group>"; };
		C486FFEB2A96650D004112E9 /* WheelPickerModifier.swift */ = {isa = PBXFileReference; lastKnownFileType = sourcecode.swift; path = WheelPickerModifier.swift; sourceTree = "<group>"; };
		C486FFED2A9679D8004112E9 /* BiodataBayiForm.swift */ = {isa = PBXFileReference; lastKnownFileType = sourcecode.swift; path = BiodataBayiForm.swift; sourceTree = "<group>"; };
		C4FB5D082A97526E0052C349 /* UserRepository.swift */ = {isa = PBXFileReference; lastKnownFileType = sourcecode.swift; path = UserRepository.swift; sourceTree = "<group>"; };
		C4FB5D152A979D5C0052C349 /* KatalogViewModel.swift */ = {isa = PBXFileReference; lastKnownFileType = sourcecode.swift; path = KatalogViewModel.swift; sourceTree = "<group>"; };
/* End PBXFileReference section */

/* Begin PBXFrameworksBuildPhase section */
		04DCE6352A8B3392009BACC5 /* Frameworks */ = {
			isa = PBXFrameworksBuildPhase;
			buildActionMask = 2147483647;
			files = (
			);
			runOnlyForDeploymentPostprocessing = 0;
		};
		04DCE6452A8B3392009BACC5 /* Frameworks */ = {
			isa = PBXFrameworksBuildPhase;
			buildActionMask = 2147483647;
			files = (
			);
			runOnlyForDeploymentPostprocessing = 0;
		};
		04DCE64F2A8B3392009BACC5 /* Frameworks */ = {
			isa = PBXFrameworksBuildPhase;
			buildActionMask = 2147483647;
			files = (
			);
			runOnlyForDeploymentPostprocessing = 0;
		};
/* End PBXFrameworksBuildPhase section */

/* Begin PBXGroup section */
		040795062A96FD2500718B3F /* ExpandableRiwayatCardComponent */ = {
			isa = PBXGroup;
			children = (
				04667A592A9644C0008E333D /* SmallExpandableRiwayatCardComponent.swift */,
				040795072A96FD9400718B3F /* BigExpandableRiwayatCardComponent.swift */,
			);
			path = ExpandableRiwayatCardComponent;
			sourceTree = "<group>";
		};
		04667A5B2A965C57008E333D /* Riwayat */ = {
			isa = PBXGroup;
			children = (
				04667A5C2A965C60008E333D /* View Models */,
				04667A5D2A965C6F008E333D /* Presenters */,
			);
			path = Riwayat;
			sourceTree = "<group>";
		};
		04667A5C2A965C60008E333D /* View Models */ = {
			isa = PBXGroup;
			children = (
			);
			path = "View Models";
			sourceTree = "<group>";
		};
		04667A5D2A965C6F008E333D /* Presenters */ = {
			isa = PBXGroup;
			children = (
				04667A5F2A965C98008E333D /* Components */,
				04667A5E2A965C93008E333D /* Views */,
			);
			path = Presenters;
			sourceTree = "<group>";
		};
		04667A5E2A965C93008E333D /* Views */ = {
			isa = PBXGroup;
			children = (
				04667A622A96675D008E333D /* RiwayatPage */,
			);
			path = Views;
			sourceTree = "<group>";
		};
		04667A5F2A965C98008E333D /* Components */ = {
			isa = PBXGroup;
			children = (
				040795062A96FD2500718B3F /* ExpandableRiwayatCardComponent */,
				04667A602A965E30008E333D /* CollapsibleComponent.swift */,
				040795042A96F81A00718B3F /* RiwayatComponent.swift */,
			);
			path = Components;
			sourceTree = "<group>";
		};
		04667A622A96675D008E333D /* RiwayatPage */ = {
			isa = PBXGroup;
			children = (
				048AAF512A94E25A00B4652C /* RiwayatView.swift */,
				04667A632A96676F008E333D /* BerlangsungView.swift */,
				04667A652A966776008E333D /* SelesaiView.swift */,
			);
			path = RiwayatPage;
			sourceTree = "<group>";
		};
		048AAF572A9501B100B4652C /* DetailDonorPage */ = {
			isa = PBXGroup;
			children = (
				048AAF4F2A94E13E00B4652C /* DetailDonorView.swift */,
				048AAF582A9501D400B4652C /* DetailDonaturView.swift */,
				048AAF5A2A9501DF00B4652C /* ASITersediaView.swift */,
			);
			path = DetailDonorPage;
			sourceTree = "<group>";
		};
		04A0B8E42A946E1500B1E58B /* Core */ = {
			isa = PBXGroup;
			children = (
				C486FFC92A9601B5004112E9 /* Extensions */,
				04A0B8F02A94700C00B1E58B /* Themes */,
				04A0B8EE2A946FBD00B1E58B /* Resources */,
				C486FF4D2A942277004112E9 /* Utilities */,
			);
			path = Core;
			sourceTree = "<group>";
		};
		04A0B8E52A946E1E00B1E58B /* Application */ = {
			isa = PBXGroup;
			children = (
				04DCE63B2A8B3392009BACC5 /* MC3_kasihApp.swift */,
			);
			path = Application;
			sourceTree = "<group>";
		};
		04A0B8E62A946E9100B1E58B /* Presenters */ = {
			isa = PBXGroup;
			children = (
				04A0B8EC2A946F2000B1E58B /* Components */,
				04A0B8E92A946EEB00B1E58B /* Views */,
			);
			path = Presenters;
			sourceTree = "<group>";
		};
		04A0B8E82A946EB200B1E58B /* View Models */ = {
			isa = PBXGroup;
			children = (
				04D5FAA52A9742D600063926 /* RincianPermintaanSheetComponentViewModel.swift */,
			);
			path = "View Models";
			sourceTree = "<group>";
		};
		04A0B8E92A946EEB00B1E58B /* Views */ = {
			isa = PBXGroup;
			children = (
				048AAF572A9501B100B4652C /* DetailDonorPage */,
			);
			path = Views;
			sourceTree = "<group>";
		};
		04A0B8EC2A946F2000B1E58B /* Components */ = {
			isa = PBXGroup;
			children = (
				048AAF532A94ECBC00B4652C /* ASICardComponent.swift */,
				048AAF5C2A95087900B4652C /* ProfilCardComponent.swift */,
				048AAF5E2A950FC800B4652C /* RincianPermintaanSheetComponent.swift */,
			);
			path = Components;
			sourceTree = "<group>";
		};
		04A0B8ED2A946F4C00B1E58B /* DonorDetails */ = {
			isa = PBXGroup;
			children = (
				04A0B8E82A946EB200B1E58B /* View Models */,
				04A0B8E62A946E9100B1E58B /* Presenters */,
			);
			path = DonorDetails;
			sourceTree = "<group>";
		};
		04A0B8EE2A946FBD00B1E58B /* Resources */ = {
			isa = PBXGroup;
			children = (
				04DCE63F2A8B3392009BACC5 /* Assets.xcassets */,
			);
			path = Resources;
			sourceTree = "<group>";
		};
		04A0B8EF2A946FE600B1E58B /* CoreData */ = {
			isa = PBXGroup;
			children = (
				C486FF942A94263F004112E9 /* CoreDataStack.swift */,
			);
			path = CoreData;
			sourceTree = "<group>";
		};
		04A0B8F02A94700C00B1E58B /* Themes */ = {
			isa = PBXGroup;
			children = (
				C486FFEF2A96FEFD004112E9 /* Components */,
				C486FFB72A94D55B004112E9 /* Modifiers */,
				04A0B8F32A94706C00B1E58B /* Colors */,
				04A0B8F22A94702600B1E58B /* Typography */,
			);
			path = Themes;
			sourceTree = "<group>";
		};
		04A0B8F22A94702600B1E58B /* Typography */ = {
			isa = PBXGroup;
			children = (
				04A0B8F82A94746F00B1E58B /* Nunito.ttf */,
				04A0B8F62A9473D500B1E58B /* Fonts.swift */,
				04667A672A96693D008E333D /* Progress.swift */,
			);
			path = Typography;
			sourceTree = "<group>";
		};
		04A0B8F32A94706C00B1E58B /* Colors */ = {
			isa = PBXGroup;
			children = (
				04A0B8F42A94707F00B1E58B /* Colors.swift */,
			);
			path = Colors;
			sourceTree = "<group>";
		};
		04C5202F2A97A5A10060322B /* Sign In */ = {
			isa = PBXGroup;
			children = (
				04C520302A97A5BB0060322B /* Presenters */,
				04C520312A97A5C50060322B /* ViewModels */,
			);
			path = "Sign In";
			sourceTree = "<group>";
		};
		04C520302A97A5BB0060322B /* Presenters */ = {
			isa = PBXGroup;
			children = (
				04C520332A97A5E50060322B /* Views */,
				04C520322A97A5DE0060322B /* Components */,
			);
			path = Presenters;
			sourceTree = "<group>";
		};
		04C520312A97A5C50060322B /* ViewModels */ = {
			isa = PBXGroup;
			children = (
				04C520342A97A6840060322B /* SignInViewModel.swift */,
			);
			path = ViewModels;
			sourceTree = "<group>";
		};
		04C520322A97A5DE0060322B /* Components */ = {
			isa = PBXGroup;
			children = (
			);
			path = Components;
			sourceTree = "<group>";
		};
		04C520332A97A5E50060322B /* Views */ = {
			isa = PBXGroup;
			children = (
				04C520362A97A6940060322B /* SignInView.swift */,
			);
			path = Views;
			sourceTree = "<group>";
		};
		04D5FAA72A974E8B00063926 /* Tambah ASI */ = {
			isa = PBXGroup;
			children = (
				04D5FAA82A974E9500063926 /* View Models */,
				04D5FAAC2A974EE700063926 /* Views */,
			);
			path = "Tambah ASI";
			sourceTree = "<group>";
		};
		04D5FAA82A974E9500063926 /* View Models */ = {
			isa = PBXGroup;
			children = (
				04D5FAAE2A97504A00063926 /* TambahASIViewModel.swift */,
			);
			path = "View Models";
			sourceTree = "<group>";
		};
		04D5FAA92A974E9A00063926 /* Presenters */ = {
			isa = PBXGroup;
			children = (
				04D5FAAA2A974ECE00063926 /* TambahASIView.swift */,
			);
			path = Presenters;
			sourceTree = "<group>";
		};
		04D5FAAC2A974EE700063926 /* Views */ = {
			isa = PBXGroup;
			children = (
				04D5FAAD2A974EEE00063926 /* Components */,
				04D5FAA92A974E9A00063926 /* Presenters */,
			);
			path = Views;
			sourceTree = "<group>";
		};
		04D5FAAD2A974EEE00063926 /* Components */ = {
			isa = PBXGroup;
			children = (
			);
			path = Components;
			sourceTree = "<group>";
		};
		04DCE62F2A8B3392009BACC5 = {
			isa = PBXGroup;
			children = (
				04DCE63A2A8B3392009BACC5 /* MC3-kasih */,
				04DCE64B2A8B3392009BACC5 /* MC3-kasihTests */,
				04DCE6552A8B3392009BACC5 /* MC3-kasihUITests */,
				04DCE6392A8B3392009BACC5 /* Products */,
			);
			sourceTree = "<group>";
		};
		04DCE6392A8B3392009BACC5 /* Products */ = {
			isa = PBXGroup;
			children = (
				04DCE6382A8B3392009BACC5 /* MC3-kasih.app */,
				04DCE6482A8B3392009BACC5 /* MC3-kasihTests.xctest */,
				04DCE6522A8B3392009BACC5 /* MC3-kasihUITests.xctest */,
			);
			name = Products;
			sourceTree = "<group>";
		};
		04DCE63A2A8B3392009BACC5 /* MC3-kasih */ = {
			isa = PBXGroup;
			children = (
				04A0B8FA2A9474AC00B1E58B /* Info.plist */,
				04DCE63D2A8B3392009BACC5 /* ContentView.swift */,
				04A0B8E52A946E1E00B1E58B /* Application */,
				04A0B8E42A946E1500B1E58B /* Core */,
				C486FF4E2A942280004112E9 /* Features */,
				C486FF4B2A941352004112E9 /* Datasources */,
				04DCE6412A8B3392009BACC5 /* Preview Content */,
			);
			path = "MC3-kasih";
			sourceTree = "<group>";
		};
		04DCE6412A8B3392009BACC5 /* Preview Content */ = {
			isa = PBXGroup;
			children = (
				04DCE6422A8B3392009BACC5 /* Preview Assets.xcassets */,
			);
			path = "Preview Content";
			sourceTree = "<group>";
		};
		04DCE64B2A8B3392009BACC5 /* MC3-kasihTests */ = {
			isa = PBXGroup;
			children = (
				04DCE64C2A8B3392009BACC5 /* MC3_kasihTests.swift */,
			);
			path = "MC3-kasihTests";
			sourceTree = "<group>";
		};
		04DCE6552A8B3392009BACC5 /* MC3-kasihUITests */ = {
			isa = PBXGroup;
			children = (
				04DCE6562A8B3392009BACC5 /* MC3_kasihUITests.swift */,
				04DCE6582A8B3392009BACC5 /* MC3_kasihUITestsLaunchTests.swift */,
			);
			path = "MC3-kasihUITests";
			sourceTree = "<group>";
		};
		C486FF4B2A941352004112E9 /* Datasources */ = {
			isa = PBXGroup;
			children = (
				C486FF982A945793004112E9 /* Models */,
				C486FF502A94229D004112E9 /* Constants */,
				C486FF912A94253E004112E9 /* Repositories */,
			);
			path = Datasources;
			sourceTree = "<group>";
		};
		C486FF4D2A942277004112E9 /* Utilities */ = {
			isa = PBXGroup;
			children = (
				04A0B8EF2A946FE600B1E58B /* CoreData */,
			);
			path = Utilities;
			sourceTree = "<group>";
		};
		C486FF4E2A942280004112E9 /* Features */ = {
			isa = PBXGroup;
			children = (
				C4FB5D102A979D220052C349 /* Katalog */,
				04D5FAA72A974E8B00063926 /* Tambah ASI */,
				04667A5B2A965C57008E333D /* Riwayat */,
				04C5202F2A97A5A10060322B /* Sign In */,
				C486FF9D2A94B54A004112E9 /* Sign Up */,
				04A0B8ED2A946F4C00B1E58B /* DonorDetails */,
			);
			path = Features;
			sourceTree = "<group>";
		};
		C486FF502A94229D004112E9 /* Constants */ = {
			isa = PBXGroup;
			children = (
				C486FF962A94549F004112E9 /* BloodTypeEnum.swift */,
				C486FFD92A962CC8004112E9 /* ReligionEnum.swift */,
				C486FFDF2A963361004112E9 /* CityEnum.swift */,
				C486FFDB2A962E14004112E9 /* GenderEnum.swift */,
				C486FFDD2A962E53004112E9 /* VaccineEnum.swift */,
				C486FFE32A963AE0004112E9 /* UserRoleEnum.swift */,
				04C5203C2A97C9080060322B /* KeperluanEnum.swift */,
			);
			path = Constants;
			sourceTree = "<group>";
		};
		C486FF912A94253E004112E9 /* Repositories */ = {
			isa = PBXGroup;
			children = (
				C4FB5D082A97526E0052C349 /* UserRepository.swift */,
			);
			path = Repositories;
			sourceTree = "<group>";
		};
		C486FF982A945793004112E9 /* Models */ = {
			isa = PBXGroup;
			children = (
				C486FF482A94134A004112E9 /* Kasih.xcdatamodeld */,
				C486FF992A9457AA004112E9 /* User */,
			);
			path = Models;
			sourceTree = "<group>";
		};
		C486FF992A9457AA004112E9 /* User */ = {
			isa = PBXGroup;
			children = (
				C486FF9A2A9457E7004112E9 /* UserExtension.swift */,
			);
			path = User;
			sourceTree = "<group>";
		};
		C486FF9D2A94B54A004112E9 /* Sign Up */ = {
			isa = PBXGroup;
			children = (
				C486FF9F2A94B55C004112E9 /* Presenters */,
				C486FF9E2A94B556004112E9 /* ViewModels */,
			);
			path = "Sign Up";
			sourceTree = "<group>";
		};
		C486FF9E2A94B556004112E9 /* ViewModels */ = {
			isa = PBXGroup;
			children = (
				C486FFA22A94B76C004112E9 /* SignUpViewModel.swift */,
			);
			path = ViewModels;
			sourceTree = "<group>";
		};
		C486FF9F2A94B55C004112E9 /* Presenters */ = {
			isa = PBXGroup;
			children = (
				C486FFA12A94B56C004112E9 /* Views */,
				C486FFA02A94B565004112E9 /* Components */,
			);
			path = Presenters;
			sourceTree = "<group>";
		};
		C486FFA02A94B565004112E9 /* Components */ = {
			isa = PBXGroup;
			children = (
				C486FFAE2A94BDBB004112E9 /* SignUpStepper */,
				C486FFC42A951193004112E9 /* ScreeningImagePicker.swift */,
				C486FFE52A963E55004112E9 /* RoleInfoSheet.swift */,
				C486FFE72A96516F004112E9 /* RoleOptionCard.swift */,
				C486FFED2A9679D8004112E9 /* BiodataBayiForm.swift */,
			);
			path = Components;
			sourceTree = "<group>";
		};
		C486FFA12A94B56C004112E9 /* Views */ = {
			isa = PBXGroup;
			children = (
				C486FFE12A963865004112E9 /* SelectUserRoleView.swift */,
				C486FFAA2A94BBDA004112E9 /* SignUpFormView.swift */,
				C486FFA42A94BB0F004112E9 /* BiodataFormView.swift */,
				C486FFA62A94BB74004112E9 /* SkriningFormView.swift */,
				C486FFA82A94BBB5004112E9 /* VerificationFormView.swift */,
				04D5FAB02A975D1F00063926 /* SkriningKesehatanView.swift */,
				C486FFBA2A94E51F004112E9 /* FinishFormView.swift */,
			);
			path = Views;
			sourceTree = "<group>";
		};
		C486FFAE2A94BDBB004112E9 /* SignUpStepper */ = {
			isa = PBXGroup;
			children = (
				C486FFAF2A94BDBB004112E9 /* StepDivider.swift */,
				C486FFAC2A94BC50004112E9 /* SignUpStepper.swift */,
				C486FFB12A94BDBB004112E9 /* StepIndicator.swift */,
			);
			path = SignUpStepper;
			sourceTree = "<group>";
		};
		C486FFB72A94D55B004112E9 /* Modifiers */ = {
			isa = PBXGroup;
			children = (
				C486FFB82A94D566004112E9 /* AppButtonStyle.swift */,
				C486FFBC2A94F365004112E9 /* AppTextFieldStyle.swift */,
				C486FFEB2A96650D004112E9 /* WheelPickerModifier.swift */,
			);
			path = Modifiers;
			sourceTree = "<group>";
		};
		C486FFC32A95112A004112E9 /* Picker */ = {
			isa = PBXGroup;
			children = (
				C486FFD02A960A51004112E9 /* ChipsPicker */,
				C486FFC62A95126F004112E9 /* ImagePicker */,
			);
			path = Picker;
			sourceTree = "<group>";
		};
		C486FFC62A95126F004112E9 /* ImagePicker */ = {
			isa = PBXGroup;
			children = (
				C486FFC72A95127B004112E9 /* ImagePicker.swift */,
				C486FFC12A951124004112E9 /* ImagePickerManager.swift */,
			);
			path = ImagePicker;
			sourceTree = "<group>";
		};
		C486FFC92A9601B5004112E9 /* Extensions */ = {
			isa = PBXGroup;
			children = (
				C486FFCA2A9601C7004112E9 /* DateExtension.swift */,
			);
			path = Extensions;
			sourceTree = "<group>";
		};
		C486FFD02A960A51004112E9 /* ChipsPicker */ = {
			isa = PBXGroup;
			children = (
				C486FFD12A960A5E004112E9 /* ChipComponent.swift */,
				C486FFD32A960C95004112E9 /* ChipsWrapper.swift */,
				C486FFD72A960D98004112E9 /* Chip.swift */,
			);
			path = ChipsPicker;
			sourceTree = "<group>";
		};
		C486FFEF2A96FEFD004112E9 /* Components */ = {
			isa = PBXGroup;
			children = (
				C486FFC32A95112A004112E9 /* Picker */,
				C486FFBF2A95013B004112E9 /* InputFieldWrapper.swift */,
				C486FFCC2A9604B5004112E9 /* DatePickerSheet.swift */,
				C486FFCE2A96072B004112E9 /* StaticTextField.swift */,
				C486FFB52A94CCCD004112E9 /* BackButton.swift */,
			);
			path = Components;
			sourceTree = "<group>";
		};
		C4FB5D102A979D220052C349 /* Katalog */ = {
			isa = PBXGroup;
			children = (
				C4FB5D122A979D390052C349 /* ViewModels */,
				C4FB5D132A979D420052C349 /* Presenters */,
			);
			name = Katalog;
			path = DonorDetails/Presenters/Views/Katalog;
			sourceTree = "<group>";
		};
		C4FB5D112A979D2F0052C349 /* Views */ = {
			isa = PBXGroup;
			children = (
				048AAF552A95011100B4652C /* KatalogView.swift */,
			);
			path = Views;
			sourceTree = "<group>";
		};
		C4FB5D122A979D390052C349 /* ViewModels */ = {
			isa = PBXGroup;
			children = (
				C4FB5D152A979D5C0052C349 /* KatalogViewModel.swift */,
				04C5203A2A97C2380060322B /* PreferensiViewModel.swift */,
			);
			path = ViewModels;
			sourceTree = "<group>";
		};
		C4FB5D132A979D420052C349 /* Presenters */ = {
			isa = PBXGroup;
			children = (
				C4FB5D142A979D490052C349 /* Components */,
				C4FB5D112A979D2F0052C349 /* Views */,
			);
			path = Presenters;
			sourceTree = "<group>";
		};
		C4FB5D142A979D490052C349 /* Components */ = {
			isa = PBXGroup;
			children = (
				04C520382A97BE130060322B /* PreferensiComponent.swift */,
			);
			path = Components;
			sourceTree = "<group>";
		};
/* End PBXGroup section */

/* Begin PBXNativeTarget section */
		04DCE6372A8B3392009BACC5 /* MC3-kasih */ = {
			isa = PBXNativeTarget;
			buildConfigurationList = 04DCE65C2A8B3392009BACC5 /* Build configuration list for PBXNativeTarget "MC3-kasih" */;
			buildPhases = (
				04DCE6342A8B3392009BACC5 /* Sources */,
				04DCE6352A8B3392009BACC5 /* Frameworks */,
				04DCE6362A8B3392009BACC5 /* Resources */,
			);
			buildRules = (
			);
			dependencies = (
			);
			name = "MC3-kasih";
			productName = "MC3-kasih";
			productReference = 04DCE6382A8B3392009BACC5 /* MC3-kasih.app */;
			productType = "com.apple.product-type.application";
		};
		04DCE6472A8B3392009BACC5 /* MC3-kasihTests */ = {
			isa = PBXNativeTarget;
			buildConfigurationList = 04DCE65F2A8B3392009BACC5 /* Build configuration list for PBXNativeTarget "MC3-kasihTests" */;
			buildPhases = (
				04DCE6442A8B3392009BACC5 /* Sources */,
				04DCE6452A8B3392009BACC5 /* Frameworks */,
				04DCE6462A8B3392009BACC5 /* Resources */,
			);
			buildRules = (
			);
			dependencies = (
				04DCE64A2A8B3392009BACC5 /* PBXTargetDependency */,
			);
			name = "MC3-kasihTests";
			productName = "MC3-kasihTests";
			productReference = 04DCE6482A8B3392009BACC5 /* MC3-kasihTests.xctest */;
			productType = "com.apple.product-type.bundle.unit-test";
		};
		04DCE6512A8B3392009BACC5 /* MC3-kasihUITests */ = {
			isa = PBXNativeTarget;
			buildConfigurationList = 04DCE6622A8B3392009BACC5 /* Build configuration list for PBXNativeTarget "MC3-kasihUITests" */;
			buildPhases = (
				04DCE64E2A8B3392009BACC5 /* Sources */,
				04DCE64F2A8B3392009BACC5 /* Frameworks */,
				04DCE6502A8B3392009BACC5 /* Resources */,
			);
			buildRules = (
			);
			dependencies = (
				04DCE6542A8B3392009BACC5 /* PBXTargetDependency */,
			);
			name = "MC3-kasihUITests";
			productName = "MC3-kasihUITests";
			productReference = 04DCE6522A8B3392009BACC5 /* MC3-kasihUITests.xctest */;
			productType = "com.apple.product-type.bundle.ui-testing";
		};
/* End PBXNativeTarget section */

/* Begin PBXProject section */
		04DCE6302A8B3392009BACC5 /* Project object */ = {
			isa = PBXProject;
			attributes = {
				BuildIndependentTargetsInParallel = 1;
				LastSwiftUpdateCheck = 1430;
				LastUpgradeCheck = 1430;
				TargetAttributes = {
					04DCE6372A8B3392009BACC5 = {
						CreatedOnToolsVersion = 14.3.1;
					};
					04DCE6472A8B3392009BACC5 = {
						CreatedOnToolsVersion = 14.3.1;
						TestTargetID = 04DCE6372A8B3392009BACC5;
					};
					04DCE6512A8B3392009BACC5 = {
						CreatedOnToolsVersion = 14.3.1;
						TestTargetID = 04DCE6372A8B3392009BACC5;
					};
				};
			};
			buildConfigurationList = 04DCE6332A8B3392009BACC5 /* Build configuration list for PBXProject "MC3-kasih" */;
			compatibilityVersion = "Xcode 14.0";
			developmentRegion = en;
			hasScannedForEncodings = 0;
			knownRegions = (
				en,
				Base,
			);
			mainGroup = 04DCE62F2A8B3392009BACC5;
			productRefGroup = 04DCE6392A8B3392009BACC5 /* Products */;
			projectDirPath = "";
			projectRoot = "";
			targets = (
				04DCE6372A8B3392009BACC5 /* MC3-kasih */,
				04DCE6472A8B3392009BACC5 /* MC3-kasihTests */,
				04DCE6512A8B3392009BACC5 /* MC3-kasihUITests */,
			);
		};
/* End PBXProject section */

/* Begin PBXResourcesBuildPhase section */
		04DCE6362A8B3392009BACC5 /* Resources */ = {
			isa = PBXResourcesBuildPhase;
			buildActionMask = 2147483647;
			files = (
				04DCE6432A8B3392009BACC5 /* Preview Assets.xcassets in Resources */,
				04A0B8F92A94746F00B1E58B /* Nunito.ttf in Resources */,
				04DCE6402A8B3392009BACC5 /* Assets.xcassets in Resources */,
			);
			runOnlyForDeploymentPostprocessing = 0;
		};
		04DCE6462A8B3392009BACC5 /* Resources */ = {
			isa = PBXResourcesBuildPhase;
			buildActionMask = 2147483647;
			files = (
			);
			runOnlyForDeploymentPostprocessing = 0;
		};
		04DCE6502A8B3392009BACC5 /* Resources */ = {
			isa = PBXResourcesBuildPhase;
			buildActionMask = 2147483647;
			files = (
			);
			runOnlyForDeploymentPostprocessing = 0;
		};
/* End PBXResourcesBuildPhase section */

/* Begin PBXSourcesBuildPhase section */
		04DCE6342A8B3392009BACC5 /* Sources */ = {
			isa = PBXSourcesBuildPhase;
			buildActionMask = 2147483647;
			files = (
				04C520352A97A6840060322B /* SignInViewModel.swift in Sources */,
				C4FB5D092A97526E0052C349 /* UserRepository.swift in Sources */,
				C486FFAD2A94BC50004112E9 /* SignUpStepper.swift in Sources */,
				C486FFBD2A94F365004112E9 /* AppTextFieldStyle.swift in Sources */,
				04C520392A97BE130060322B /* PreferensiComponent.swift in Sources */,
				C486FFB42A94BDBC004112E9 /* StepIndicator.swift in Sources */,
				C486FFA92A94BBB5004112E9 /* VerificationFormView.swift in Sources */,
				C486FFE82A96516F004112E9 /* RoleOptionCard.swift in Sources */,
				C486FFB92A94D566004112E9 /* AppButtonStyle.swift in Sources */,
				C486FFE02A963361004112E9 /* CityEnum.swift in Sources */,
				C486FFD42A960C95004112E9 /* ChipsWrapper.swift in Sources */,
				C486FFEC2A96650D004112E9 /* WheelPickerModifier.swift in Sources */,
				04A0B8F72A9473D500B1E58B /* Fonts.swift in Sources */,
				C486FF9B2A9457E7004112E9 /* UserExtension.swift in Sources */,
				C486FFCD2A9604B5004112E9 /* DatePickerSheet.swift in Sources */,
				C486FFC22A951124004112E9 /* ImagePickerManager.swift in Sources */,
				04D5FAAF2A97504A00063926 /* TambahASIViewModel.swift in Sources */,
				C486FFA52A94BB0F004112E9 /* BiodataFormView.swift in Sources */,
				C486FFB62A94CCCD004112E9 /* BackButton.swift in Sources */,
				C486FFAB2A94BBDA004112E9 /* SignUpFormView.swift in Sources */,
				C486FFCB2A9601C7004112E9 /* DateExtension.swift in Sources */,
				C486FFE62A963E55004112E9 /* RoleInfoSheet.swift in Sources */,
				C486FFD22A960A5E004112E9 /* ChipComponent.swift in Sources */,
				C486FFE22A963865004112E9 /* SelectUserRoleView.swift in Sources */,
				C486FFDA2A962CC8004112E9 /* ReligionEnum.swift in Sources */,
				C486FFEE2A9679D8004112E9 /* BiodataBayiForm.swift in Sources */,
				C486FFDE2A962E53004112E9 /* VaccineEnum.swift in Sources */,
				C4FB5D162A979D5C0052C349 /* KatalogViewModel.swift in Sources */,
				C486FFE42A963AE0004112E9 /* UserRoleEnum.swift in Sources */,
				04C5203B2A97C2380060322B /* PreferensiViewModel.swift in Sources */,
				C486FFBB2A94E51F004112E9 /* FinishFormView.swift in Sources */,
				04D5FAAB2A974ECE00063926 /* TambahASIView.swift in Sources */,
				04A0B8F72A9473D500B1E58B /* Fonts.swift in Sources */,
				C486FF9B2A9457E7004112E9 /* UserExtension.swift in Sources */,
				048AAF592A9501D400B4652C /* DetailDonaturView.swift in Sources */,
				040795052A96F81A00718B3F /* RiwayatComponent.swift in Sources */,
				C486FF4A2A94134A004112E9 /* Kasih.xcdatamodeld in Sources */,
				C486FFCF2A96072B004112E9 /* StaticTextField.swift in Sources */,
				04C5203D2A97C9080060322B /* KeperluanEnum.swift in Sources */,
				04DCE63E2A8B3392009BACC5 /* ContentView.swift in Sources */,
				04667A682A96693D008E333D /* Progress.swift in Sources */,
				04C520372A97A6940060322B /* SignInView.swift in Sources */,
				C486FFD82A960D98004112E9 /* Chip.swift in Sources */,
				C486FFDC2A962E14004112E9 /* GenderEnum.swift in Sources */,
				04D5FAA62A9742D600063926 /* RincianPermintaanSheetComponentViewModel.swift in Sources */,
				04D5FAB12A975D1F00063926 /* SkriningKesehatanView.swift in Sources */,
				C486FFB22A94BDBB004112E9 /* StepDivider.swift in Sources */,
				C486FFC52A951193004112E9 /* ScreeningImagePicker.swift in Sources */,
				048AAF522A94E25A00B4652C /* RiwayatView.swift in Sources */,
				048AAF562A95011100B4652C /* KatalogView.swift in Sources */,
				04A0B8F52A94707F00B1E58B /* Colors.swift in Sources */,
				04DCE63C2A8B3392009BACC5 /* MC3_kasihApp.swift in Sources */,
				C486FFA72A94BB74004112E9 /* SkriningFormView.swift in Sources */,
				C486FFC02A95013B004112E9 /* InputFieldWrapper.swift in Sources */,
				C486FFA32A94B76C004112E9 /* SignUpViewModel.swift in Sources */,
				C486FFC82A95127B004112E9 /* ImagePicker.swift in Sources */,
				C486FF952A94263F004112E9 /* CoreDataStack.swift in Sources */,
				04667A642A96676F008E333D /* BerlangsungView.swift in Sources */,
				04667A5A2A9644C0008E333D /* SmallExpandableRiwayatCardComponent.swift in Sources */,
				048AAF5B2A9501DF00B4652C /* ASITersediaView.swift in Sources */,
				048AAF502A94E13E00B4652C /* DetailDonorView.swift in Sources */,
				048AAF5F2A950FC800B4652C /* RincianPermintaanSheetComponent.swift in Sources */,
				048AAF5D2A95087900B4652C /* ProfilCardComponent.swift in Sources */,
				C486FF972A94549F004112E9 /* BloodTypeEnum.swift in Sources */,
				04667A662A966776008E333D /* SelesaiView.swift in Sources */,
				04667A612A965E30008E333D /* CollapsibleComponent.swift in Sources */,
				040795082A96FD9400718B3F /* BigExpandableRiwayatCardComponent.swift in Sources */,
				048AAF542A94ECBC00B4652C /* ASICardComponent.swift in Sources */,
			);
			runOnlyForDeploymentPostprocessing = 0;
		};
		04DCE6442A8B3392009BACC5 /* Sources */ = {
			isa = PBXSourcesBuildPhase;
			buildActionMask = 2147483647;
			files = (
				04DCE64D2A8B3392009BACC5 /* MC3_kasihTests.swift in Sources */,
			);
			runOnlyForDeploymentPostprocessing = 0;
		};
		04DCE64E2A8B3392009BACC5 /* Sources */ = {
			isa = PBXSourcesBuildPhase;
			buildActionMask = 2147483647;
			files = (
				04DCE6572A8B3392009BACC5 /* MC3_kasihUITests.swift in Sources */,
				04DCE6592A8B3392009BACC5 /* MC3_kasihUITestsLaunchTests.swift in Sources */,
			);
			runOnlyForDeploymentPostprocessing = 0;
		};
/* End PBXSourcesBuildPhase section */

/* Begin PBXTargetDependency section */
		04DCE64A2A8B3392009BACC5 /* PBXTargetDependency */ = {
			isa = PBXTargetDependency;
			target = 04DCE6372A8B3392009BACC5 /* MC3-kasih */;
			targetProxy = 04DCE6492A8B3392009BACC5 /* PBXContainerItemProxy */;
		};
		04DCE6542A8B3392009BACC5 /* PBXTargetDependency */ = {
			isa = PBXTargetDependency;
			target = 04DCE6372A8B3392009BACC5 /* MC3-kasih */;
			targetProxy = 04DCE6532A8B3392009BACC5 /* PBXContainerItemProxy */;
		};
/* End PBXTargetDependency section */

/* Begin XCBuildConfiguration section */
		04DCE65A2A8B3392009BACC5 /* Debug */ = {
			isa = XCBuildConfiguration;
			buildSettings = {
				ALWAYS_SEARCH_USER_PATHS = NO;
				CLANG_ANALYZER_NONNULL = YES;
				CLANG_ANALYZER_NUMBER_OBJECT_CONVERSION = YES_AGGRESSIVE;
				CLANG_CXX_LANGUAGE_STANDARD = "gnu++20";
				CLANG_ENABLE_MODULES = YES;
				CLANG_ENABLE_OBJC_ARC = YES;
				CLANG_ENABLE_OBJC_WEAK = YES;
				CLANG_WARN_BLOCK_CAPTURE_AUTORELEASING = YES;
				CLANG_WARN_BOOL_CONVERSION = YES;
				CLANG_WARN_COMMA = YES;
				CLANG_WARN_CONSTANT_CONVERSION = YES;
				CLANG_WARN_DEPRECATED_OBJC_IMPLEMENTATIONS = YES;
				CLANG_WARN_DIRECT_OBJC_ISA_USAGE = YES_ERROR;
				CLANG_WARN_DOCUMENTATION_COMMENTS = YES;
				CLANG_WARN_EMPTY_BODY = YES;
				CLANG_WARN_ENUM_CONVERSION = YES;
				CLANG_WARN_INFINITE_RECURSION = YES;
				CLANG_WARN_INT_CONVERSION = YES;
				CLANG_WARN_NON_LITERAL_NULL_CONVERSION = YES;
				CLANG_WARN_OBJC_IMPLICIT_RETAIN_SELF = YES;
				CLANG_WARN_OBJC_LITERAL_CONVERSION = YES;
				CLANG_WARN_OBJC_ROOT_CLASS = YES_ERROR;
				CLANG_WARN_QUOTED_INCLUDE_IN_FRAMEWORK_HEADER = YES;
				CLANG_WARN_RANGE_LOOP_ANALYSIS = YES;
				CLANG_WARN_STRICT_PROTOTYPES = YES;
				CLANG_WARN_SUSPICIOUS_MOVE = YES;
				CLANG_WARN_UNGUARDED_AVAILABILITY = YES_AGGRESSIVE;
				CLANG_WARN_UNREACHABLE_CODE = YES;
				CLANG_WARN__DUPLICATE_METHOD_MATCH = YES;
				COPY_PHASE_STRIP = NO;
				DEBUG_INFORMATION_FORMAT = dwarf;
				ENABLE_STRICT_OBJC_MSGSEND = YES;
				ENABLE_TESTABILITY = YES;
				GCC_C_LANGUAGE_STANDARD = gnu11;
				GCC_DYNAMIC_NO_PIC = NO;
				GCC_NO_COMMON_BLOCKS = YES;
				GCC_OPTIMIZATION_LEVEL = 0;
				GCC_PREPROCESSOR_DEFINITIONS = (
					"DEBUG=1",
					"$(inherited)",
				);
				GCC_WARN_64_TO_32_BIT_CONVERSION = YES;
				GCC_WARN_ABOUT_RETURN_TYPE = YES_ERROR;
				GCC_WARN_UNDECLARED_SELECTOR = YES;
				GCC_WARN_UNINITIALIZED_AUTOS = YES_AGGRESSIVE;
				GCC_WARN_UNUSED_FUNCTION = YES;
				GCC_WARN_UNUSED_VARIABLE = YES;
				IPHONEOS_DEPLOYMENT_TARGET = 16.4;
				MTL_ENABLE_DEBUG_INFO = INCLUDE_SOURCE;
				MTL_FAST_MATH = YES;
				ONLY_ACTIVE_ARCH = YES;
				SDKROOT = iphoneos;
				SWIFT_ACTIVE_COMPILATION_CONDITIONS = DEBUG;
				SWIFT_OPTIMIZATION_LEVEL = "-Onone";
			};
			name = Debug;
		};
		04DCE65B2A8B3392009BACC5 /* Release */ = {
			isa = XCBuildConfiguration;
			buildSettings = {
				ALWAYS_SEARCH_USER_PATHS = NO;
				CLANG_ANALYZER_NONNULL = YES;
				CLANG_ANALYZER_NUMBER_OBJECT_CONVERSION = YES_AGGRESSIVE;
				CLANG_CXX_LANGUAGE_STANDARD = "gnu++20";
				CLANG_ENABLE_MODULES = YES;
				CLANG_ENABLE_OBJC_ARC = YES;
				CLANG_ENABLE_OBJC_WEAK = YES;
				CLANG_WARN_BLOCK_CAPTURE_AUTORELEASING = YES;
				CLANG_WARN_BOOL_CONVERSION = YES;
				CLANG_WARN_COMMA = YES;
				CLANG_WARN_CONSTANT_CONVERSION = YES;
				CLANG_WARN_DEPRECATED_OBJC_IMPLEMENTATIONS = YES;
				CLANG_WARN_DIRECT_OBJC_ISA_USAGE = YES_ERROR;
				CLANG_WARN_DOCUMENTATION_COMMENTS = YES;
				CLANG_WARN_EMPTY_BODY = YES;
				CLANG_WARN_ENUM_CONVERSION = YES;
				CLANG_WARN_INFINITE_RECURSION = YES;
				CLANG_WARN_INT_CONVERSION = YES;
				CLANG_WARN_NON_LITERAL_NULL_CONVERSION = YES;
				CLANG_WARN_OBJC_IMPLICIT_RETAIN_SELF = YES;
				CLANG_WARN_OBJC_LITERAL_CONVERSION = YES;
				CLANG_WARN_OBJC_ROOT_CLASS = YES_ERROR;
				CLANG_WARN_QUOTED_INCLUDE_IN_FRAMEWORK_HEADER = YES;
				CLANG_WARN_RANGE_LOOP_ANALYSIS = YES;
				CLANG_WARN_STRICT_PROTOTYPES = YES;
				CLANG_WARN_SUSPICIOUS_MOVE = YES;
				CLANG_WARN_UNGUARDED_AVAILABILITY = YES_AGGRESSIVE;
				CLANG_WARN_UNREACHABLE_CODE = YES;
				CLANG_WARN__DUPLICATE_METHOD_MATCH = YES;
				COPY_PHASE_STRIP = NO;
				DEBUG_INFORMATION_FORMAT = "dwarf-with-dsym";
				ENABLE_NS_ASSERTIONS = NO;
				ENABLE_STRICT_OBJC_MSGSEND = YES;
				GCC_C_LANGUAGE_STANDARD = gnu11;
				GCC_NO_COMMON_BLOCKS = YES;
				GCC_WARN_64_TO_32_BIT_CONVERSION = YES;
				GCC_WARN_ABOUT_RETURN_TYPE = YES_ERROR;
				GCC_WARN_UNDECLARED_SELECTOR = YES;
				GCC_WARN_UNINITIALIZED_AUTOS = YES_AGGRESSIVE;
				GCC_WARN_UNUSED_FUNCTION = YES;
				GCC_WARN_UNUSED_VARIABLE = YES;
				IPHONEOS_DEPLOYMENT_TARGET = 16.4;
				MTL_ENABLE_DEBUG_INFO = NO;
				MTL_FAST_MATH = YES;
				SDKROOT = iphoneos;
				SWIFT_COMPILATION_MODE = wholemodule;
				SWIFT_OPTIMIZATION_LEVEL = "-O";
				VALIDATE_PRODUCT = YES;
			};
			name = Release;
		};
		04DCE65D2A8B3392009BACC5 /* Debug */ = {
			isa = XCBuildConfiguration;
			buildSettings = {
				ASSETCATALOG_COMPILER_APPICON_NAME = AppIcon;
				ASSETCATALOG_COMPILER_GLOBAL_ACCENT_COLOR_NAME = AccentColor;
				CODE_SIGN_STYLE = Automatic;
				CURRENT_PROJECT_VERSION = 1;
				DEVELOPMENT_ASSET_PATHS = "\"MC3-kasih/Preview Content\"";
				DEVELOPMENT_TEAM = MTL5N7KWYL;
				ENABLE_PREVIEWS = YES;
				GENERATE_INFOPLIST_FILE = YES;
				INFOPLIST_FILE = "MC3-kasih/Info.plist";
				INFOPLIST_KEY_CFBundleDisplayName = Kasih;
				INFOPLIST_KEY_UIApplicationSceneManifest_Generation = YES;
				INFOPLIST_KEY_UIApplicationSupportsIndirectInputEvents = YES;
				INFOPLIST_KEY_UILaunchScreen_Generation = YES;
				INFOPLIST_KEY_UISupportedInterfaceOrientations_iPad = "UIInterfaceOrientationPortrait UIInterfaceOrientationPortraitUpsideDown UIInterfaceOrientationLandscapeLeft UIInterfaceOrientationLandscapeRight";
				INFOPLIST_KEY_UISupportedInterfaceOrientations_iPhone = "UIInterfaceOrientationPortrait UIInterfaceOrientationLandscapeLeft UIInterfaceOrientationLandscapeRight";
				LD_RUNPATH_SEARCH_PATHS = (
					"$(inherited)",
					"@executable_path/Frameworks",
				);
				MARKETING_VERSION = 1.0;
				PRODUCT_BUNDLE_IDENTIFIER = "Nadya-Tyandra.MC3-kasih";
				PRODUCT_NAME = "$(TARGET_NAME)";
				SWIFT_EMIT_LOC_STRINGS = YES;
				SWIFT_VERSION = 5.0;
				TARGETED_DEVICE_FAMILY = "1,2";
			};
			name = Debug;
		};
		04DCE65E2A8B3392009BACC5 /* Release */ = {
			isa = XCBuildConfiguration;
			buildSettings = {
				ASSETCATALOG_COMPILER_APPICON_NAME = AppIcon;
				ASSETCATALOG_COMPILER_GLOBAL_ACCENT_COLOR_NAME = AccentColor;
				CODE_SIGN_STYLE = Automatic;
				CURRENT_PROJECT_VERSION = 1;
				DEVELOPMENT_ASSET_PATHS = "\"MC3-kasih/Preview Content\"";
				DEVELOPMENT_TEAM = MTL5N7KWYL;
				ENABLE_PREVIEWS = YES;
				GENERATE_INFOPLIST_FILE = YES;
				INFOPLIST_FILE = "MC3-kasih/Info.plist";
				INFOPLIST_KEY_CFBundleDisplayName = Kasih;
				INFOPLIST_KEY_UIApplicationSceneManifest_Generation = YES;
				INFOPLIST_KEY_UIApplicationSupportsIndirectInputEvents = YES;
				INFOPLIST_KEY_UILaunchScreen_Generation = YES;
				INFOPLIST_KEY_UISupportedInterfaceOrientations_iPad = "UIInterfaceOrientationPortrait UIInterfaceOrientationPortraitUpsideDown UIInterfaceOrientationLandscapeLeft UIInterfaceOrientationLandscapeRight";
				INFOPLIST_KEY_UISupportedInterfaceOrientations_iPhone = "UIInterfaceOrientationPortrait UIInterfaceOrientationLandscapeLeft UIInterfaceOrientationLandscapeRight";
				LD_RUNPATH_SEARCH_PATHS = (
					"$(inherited)",
					"@executable_path/Frameworks",
				);
				MARKETING_VERSION = 1.0;
				PRODUCT_BUNDLE_IDENTIFIER = "Nadya-Tyandra.MC3-kasih";
				PRODUCT_NAME = "$(TARGET_NAME)";
				SWIFT_EMIT_LOC_STRINGS = YES;
				SWIFT_VERSION = 5.0;
				TARGETED_DEVICE_FAMILY = "1,2";
			};
			name = Release;
		};
		04DCE6602A8B3392009BACC5 /* Debug */ = {
			isa = XCBuildConfiguration;
			buildSettings = {
				ALWAYS_EMBED_SWIFT_STANDARD_LIBRARIES = YES;
				BUNDLE_LOADER = "$(TEST_HOST)";
				CODE_SIGN_STYLE = Automatic;
				CURRENT_PROJECT_VERSION = 1;
				DEVELOPMENT_TEAM = MTL5N7KWYL;
				GENERATE_INFOPLIST_FILE = YES;
				IPHONEOS_DEPLOYMENT_TARGET = 16.4;
				MARKETING_VERSION = 1.0;
				PRODUCT_BUNDLE_IDENTIFIER = "Nadya-Tyandra.MC3-kasihTests";
				PRODUCT_NAME = "$(TARGET_NAME)";
				SWIFT_EMIT_LOC_STRINGS = NO;
				SWIFT_VERSION = 5.0;
				TARGETED_DEVICE_FAMILY = "1,2";
				TEST_HOST = "$(BUILT_PRODUCTS_DIR)/MC3-kasih.app/$(BUNDLE_EXECUTABLE_FOLDER_PATH)/MC3-kasih";
			};
			name = Debug;
		};
		04DCE6612A8B3392009BACC5 /* Release */ = {
			isa = XCBuildConfiguration;
			buildSettings = {
				ALWAYS_EMBED_SWIFT_STANDARD_LIBRARIES = YES;
				BUNDLE_LOADER = "$(TEST_HOST)";
				CODE_SIGN_STYLE = Automatic;
				CURRENT_PROJECT_VERSION = 1;
				DEVELOPMENT_TEAM = MTL5N7KWYL;
				GENERATE_INFOPLIST_FILE = YES;
				IPHONEOS_DEPLOYMENT_TARGET = 16.4;
				MARKETING_VERSION = 1.0;
				PRODUCT_BUNDLE_IDENTIFIER = "Nadya-Tyandra.MC3-kasihTests";
				PRODUCT_NAME = "$(TARGET_NAME)";
				SWIFT_EMIT_LOC_STRINGS = NO;
				SWIFT_VERSION = 5.0;
				TARGETED_DEVICE_FAMILY = "1,2";
				TEST_HOST = "$(BUILT_PRODUCTS_DIR)/MC3-kasih.app/$(BUNDLE_EXECUTABLE_FOLDER_PATH)/MC3-kasih";
			};
			name = Release;
		};
		04DCE6632A8B3392009BACC5 /* Debug */ = {
			isa = XCBuildConfiguration;
			buildSettings = {
				ALWAYS_EMBED_SWIFT_STANDARD_LIBRARIES = YES;
				CODE_SIGN_STYLE = Automatic;
				CURRENT_PROJECT_VERSION = 1;
				DEVELOPMENT_TEAM = MTL5N7KWYL;
				GENERATE_INFOPLIST_FILE = YES;
				MARKETING_VERSION = 1.0;
				PRODUCT_BUNDLE_IDENTIFIER = "Nadya-Tyandra.MC3-kasihUITests";
				PRODUCT_NAME = "$(TARGET_NAME)";
				SWIFT_EMIT_LOC_STRINGS = NO;
				SWIFT_VERSION = 5.0;
				TARGETED_DEVICE_FAMILY = "1,2";
				TEST_TARGET_NAME = "MC3-kasih";
			};
			name = Debug;
		};
		04DCE6642A8B3392009BACC5 /* Release */ = {
			isa = XCBuildConfiguration;
			buildSettings = {
				ALWAYS_EMBED_SWIFT_STANDARD_LIBRARIES = YES;
				CODE_SIGN_STYLE = Automatic;
				CURRENT_PROJECT_VERSION = 1;
				DEVELOPMENT_TEAM = MTL5N7KWYL;
				GENERATE_INFOPLIST_FILE = YES;
				MARKETING_VERSION = 1.0;
				PRODUCT_BUNDLE_IDENTIFIER = "Nadya-Tyandra.MC3-kasihUITests";
				PRODUCT_NAME = "$(TARGET_NAME)";
				SWIFT_EMIT_LOC_STRINGS = NO;
				SWIFT_VERSION = 5.0;
				TARGETED_DEVICE_FAMILY = "1,2";
				TEST_TARGET_NAME = "MC3-kasih";
			};
			name = Release;
		};
/* End XCBuildConfiguration section */

/* Begin XCConfigurationList section */
		04DCE6332A8B3392009BACC5 /* Build configuration list for PBXProject "MC3-kasih" */ = {
			isa = XCConfigurationList;
			buildConfigurations = (
				04DCE65A2A8B3392009BACC5 /* Debug */,
				04DCE65B2A8B3392009BACC5 /* Release */,
			);
			defaultConfigurationIsVisible = 0;
			defaultConfigurationName = Release;
		};
		04DCE65C2A8B3392009BACC5 /* Build configuration list for PBXNativeTarget "MC3-kasih" */ = {
			isa = XCConfigurationList;
			buildConfigurations = (
				04DCE65D2A8B3392009BACC5 /* Debug */,
				04DCE65E2A8B3392009BACC5 /* Release */,
			);
			defaultConfigurationIsVisible = 0;
			defaultConfigurationName = Release;
		};
		04DCE65F2A8B3392009BACC5 /* Build configuration list for PBXNativeTarget "MC3-kasihTests" */ = {
			isa = XCConfigurationList;
			buildConfigurations = (
				04DCE6602A8B3392009BACC5 /* Debug */,
				04DCE6612A8B3392009BACC5 /* Release */,
			);
			defaultConfigurationIsVisible = 0;
			defaultConfigurationName = Release;
		};
		04DCE6622A8B3392009BACC5 /* Build configuration list for PBXNativeTarget "MC3-kasihUITests" */ = {
			isa = XCConfigurationList;
			buildConfigurations = (
				04DCE6632A8B3392009BACC5 /* Debug */,
				04DCE6642A8B3392009BACC5 /* Release */,
			);
			defaultConfigurationIsVisible = 0;
			defaultConfigurationName = Release;
		};
/* End XCConfigurationList section */

/* Begin XCVersionGroup section */
		C486FF482A94134A004112E9 /* Kasih.xcdatamodeld */ = {
			isa = XCVersionGroup;
			children = (
				C486FF492A94134A004112E9 /* Kasih.xcdatamodel */,
			);
			currentVersion = C486FF492A94134A004112E9 /* Kasih.xcdatamodel */;
			path = Kasih.xcdatamodeld;
			sourceTree = "<group>";
			versionGroupType = wrapper.xcdatamodel;
		};
/* End XCVersionGroup section */
	};
	rootObject = 04DCE6302A8B3392009BACC5 /* Project object */;
}
